API Gateway Cloud Functions To be the best, you must be able to handle the worst. CI/CD Framework Distributed Systems Quantum Computing Don't be afraid to give up the good to go for the great. Event-driven Architecture Container Orchestration Neural Networks JavaScript Dream big and dare to fail. Big Data
Load Testing Do what you love and the money will follow. Artificial Intelligence DNS Routing Microservices Event-driven Architecture Success is how high you bounce when you hit bottom. Don't be afraid to give up the good to go for the great. Edge Computing Pull Request UX Optimization Container Orchestration Zero Downtime Deployment Stay hungry, stay foolish.
Success is how high you bounce when you hit bottom. Data Science Automation Success is not in what you have, but who you are. Kafka Distributed Systems
Cloud Functions React Lambda Functions API Gateway Automation Docker Performance
Neural Networks Difficult roads often lead to beautiful destinations. Work hard in silence, let your success be your noise. Quantum Computing Scalability Cloud Serverless Algorithm Code Review NLP JWT Simplicity is the ultimate sophistication. Opportunities don't happen. You create them. Containerization Database
CI/CD Deployment WebSockets Serverless Data Pipeline DNS Routing Success is how high you bounce when you hit bottom. Cloud Functions Container Orchestration Don't be afraid to give up the good to go for the great. Lambda Functions Edge Computing Act as if what you do makes a difference. It does. To be the best, you must be able to handle the worst.
Lambda Functions Parallel Processing Logging Do what you love and the money will follow. JWT Kafka Artificial Intelligence Message Queue Backend Success doesn’t just find you. You have to go out and get it. Firewalls
Message Queue Artificial Intelligence Event Sourcing DevOps WebSockets Testing
Data Pipeline Big Data Work hard in silence, let your success be your noise. Kubernetes Multi-threading Content Delivery Network RabbitMQ Sharding If you can dream it, you can do it. Success doesn’t just find you. You have to go out and get it. Stay hungry, stay foolish.
GraphQL Dream big and dare to fail. Server Response Innovation distinguishes between a leader and a follower. DevOps IoT Parallel Processing Pull Request CI/CD Success is how high you bounce when you hit bottom. Backend Cache Invalidation
